
Microsoft Visual Studio Solution File, Format Version 12.00
# Visual Studio Version 16
VisualStudioVersion = 16.0.30225.117
MinimumVisualStudioVersion = 10.0.40219.1
Project("{FAE04EC0-301F-11D3-BF4B-00C04F79EFBC}") = "Entities", "Entities\Entities.csproj", "{FEF75684-928D-4043-B2D4-A74096726554}"
EndProject
Project("{FAE04EC0-301F-11D3-BF4B-00C04F79EFBC}") = "DataAccess", "DataAccess\DataAccess.csproj", "{136E9ED9-91DF-4245-BE76-79ADB53F7F63}"
EndProject
Project("{FAE04EC0-301F-11D3-BF4B-00C04F79EFBC}") = "Business", "Business\Business.csproj", "{67D58882-EDCE-43AC-A344-344C40C3C26B}"
EndProject
Project("{FAE04EC0-301F-11D3-BF4B-00C04F79EFBC}") = "ConsoleUI", "ConsoleUI\ConsoleUI.csproj", "{96450E27-BB7B-4D57-A8C1-01D2ABB4EE2A}"
EndProject
Project("{FAE04EC0-301F-11D3-BF4B-00C04F79EFBC}") = "Core", "Core\Core.csproj", "{854F3CFC-63E0-4414-8518-4FCAC30847CF}"
EndProject
Global
	GlobalSection(SolutionConfigurationPlatforms) = preSolution
		Debug|Any CPU = Debug|Any CPU
		Release|Any CPU = Release|Any CPU
	EndGlobalSection
	GlobalSection(ProjectConfigurationPlatforms) = postSolution
		{FEF75684-928D-4043-B2D4-A74096726554}.Debug|Any CPU.ActiveCfg = Debug|Any CPU
		{FEF75684-928D-4043-B2D4-A74096726554}.Debug|Any CPU.Build.0 = Debug|Any CPU
		{FEF75684-928D-4043-B2D4-A74096726554}.Release|Any CPU.ActiveCfg = Release|Any CPU
		{FEF75684-928D-4043-B2D4-A74096726554}.Release|Any CPU.Build.0 = Release|Any CPU
		{136E9ED9-91DF-4245-BE76-79ADB53F7F63}.Debug|Any CPU.ActiveCfg = Debug|Any CPU
		{136E9ED9-91DF-4245-BE76-79ADB53F7F63}.Debug|Any CPU.Build.0 = Debug|Any CPU
		{136E9ED9-91DF-4245-BE76-79ADB53F7F63}.Release|Any CPU.ActiveCfg = Release|Any CPU
		{136E9ED9-91DF-4245-BE76-79ADB53F7F63}.Release|Any CPU.Build.0 = Release|Any CPU
		{67D58882-EDCE-43AC-A344-344C40C3C26B}.Debug|Any CPU.ActiveCfg = Debug|Any CPU
		{67D58882-EDCE-43AC-A344-344C40C3C26B}.Debug|Any CPU.Build.0 = Debug|Any CPU
		{67D58882-EDCE-43AC-A344-344C40C3C26B}.Release|Any CPU.ActiveCfg = Release|Any CPU
		{67D58882-EDCE-43AC-A344-344C40C3C26B}.Release|Any CPU.Build.0 = Release|Any CPU
		{96450E27-BB7B-4D57-A8C1-01D2ABB4EE2A}.Debug|Any CPU.ActiveCfg = Debug|Any CPU
		{96450E27-BB7B-4D57-A8C1-01D2ABB4EE2A}.Debug|Any CPU.Build.0 = Debug|Any CPU
		{96450E27-BB7B-4D57-A8C1-01D2ABB4EE2A}.Release|Any CPU.ActiveCfg = Release|Any CPU
		{96450E27-BB7B-4D57-A8C1-01D2ABB4EE2A}.Release|Any CPU.Build.0 = Release|Any CPU
		{854F3CFC-63E0-4414-8518-4FCAC30847CF}.Debug|Any CPU.ActiveCfg = Debug|Any CPU
		{854F3CFC-63E0-4414-8518-4FCAC30847CF}.Debug|Any CPU.Build.0 = Debug|Any CPU
		{854F3CFC-63E0-4414-8518-4FCAC30847CF}.Release|Any CPU.ActiveCfg = Release|Any CPU
		{854F3CFC-63E0-4414-8518-4FCAC30847CF}.Release|Any CPU.Build.0 = Release|Any CPU
	EndGlobalSection
	GlobalSection(SolutionProperties) = preSolution
		HideSolutionNode = FALSE
	EndGlobalSection
	GlobalSection(ExtensibilityGlobals) = postSolution
		SolutionGuid = {29CEDB87-9EF4-4629-B990-F8D4102AB04C}
	EndGlobalSection
EndGlobal
